
Microsoft Visual Studio Solution File, Format Version 12.00
# Visual Studio Version 17
VisualStudioVersion = 17.9.34728.123
MinimumVisualStudioVersion = 10.0.40219.1
Project("{FAE04EC0-301F-11D3-BF4B-00C04F79EFBC}") = "botTask", "botTask\botTask.csproj", "{A50089C2-F6FE-47D6-9F58-62D159C6C86C}"
EndProject
Global
	GlobalSection(SolutionConfigurationPlatforms) = preSolution
		Debug|Any CPU = Debug|Any CPU
		Release|Any CPU = Release|Any CPU
	EndGlobalSection
	GlobalSection(ProjectConfigurationPlatforms) = postSolution
		{A50089C2-F6FE-47D6-9F58-62D159C6C86C}.Debug|Any CPU.ActiveCfg = Debug|Any CPU
		{A50089C2-F6FE-47D6-9F58-62D159C6C86C}.Debug|Any CPU.Build.0 = Debug|Any CPU
		{A50089C2-F6FE-47D6-9F58-62D159C6C86C}.Release|Any CPU.ActiveCfg = Release|Any CPU
		{A50089C2-F6FE-47D6-9F58-62D159C6C86C}.Release|Any CPU.Build.0 = Release|Any CPU
	EndGlobalSection
	GlobalSection(SolutionProperties) = preSolution
		HideSolutionNode = FALSE
	EndGlobalSection
	GlobalSection(ExtensibilityGlobals) = postSolution
		SolutionGuid = {00C60D72-6390-4F06-9BB1-A8489C29823F}
	EndGlobalSection
EndGlobal
